
Microsoft Visual Studio Solution File, Format Version 12.00
# Visual Studio 15
VisualStudioVersion = 15.0.28307.852
MinimumVisualStudioVersion = 10.0.40219.1
Project("{FAE04EC0-301F-11D3-BF4B-00C04F79EFBC}") = "NestingOpenSource", "NestingOpenSource\NestingOpenSource.csproj", "{4801C040-147F-4273-A406-0B04FBF50F0B}"
EndProject
Project("{FAE04EC0-301F-11D3-BF4B-00C04F79EFBC}") = "NestingLibPort", "NestingLib\NestingLibPort.csproj", "{B396F5BF-95F6-48DD-ADCE-2AF4FFCB7350}"
EndProject
Project("{FAE04EC0-301F-11D3-BF4B-00C04F79EFBC}") = "clipper_library", "clipper\clipper_library.csproj", "{9B062971-A88E-4A3D-B3C9-12B78D15FA66}"
EndProject
Global
	GlobalSection(SolutionConfigurationPlatforms) = preSolution
		Debug|Any CPU = Debug|Any CPU
		Release|Any CPU = Release|Any CPU
	EndGlobalSection
	GlobalSection(ProjectConfigurationPlatforms) = postSolution
		{4801C040-147F-4273-A406-0B04FBF50F0B}.Debug|Any CPU.ActiveCfg = Debug|Any CPU
		{4801C040-147F-4273-A406-0B04FBF50F0B}.Debug|Any CPU.Build.0 = Debug|Any CPU
		{4801C040-147F-4273-A406-0B04FBF50F0B}.Release|Any CPU.ActiveCfg = Release|Any CPU
		{4801C040-147F-4273-A406-0B04FBF50F0B}.Release|Any CPU.Build.0 = Release|Any CPU
		{B396F5BF-95F6-48DD-ADCE-2AF4FFCB7350}.Debug|Any CPU.ActiveCfg = Debug|Any CPU
		{B396F5BF-95F6-48DD-ADCE-2AF4FFCB7350}.Debug|Any CPU.Build.0 = Debug|Any CPU
		{B396F5BF-95F6-48DD-ADCE-2AF4FFCB7350}.Release|Any CPU.ActiveCfg = Release|Any CPU
		{B396F5BF-95F6-48DD-ADCE-2AF4FFCB7350}.Release|Any CPU.Build.0 = Release|Any CPU
		{9B062971-A88E-4A3D-B3C9-12B78D15FA66}.Debug|Any CPU.ActiveCfg = Debug|Any CPU
		{9B062971-A88E-4A3D-B3C9-12B78D15FA66}.Debug|Any CPU.Build.0 = Debug|Any CPU
		{9B062971-A88E-4A3D-B3C9-12B78D15FA66}.Release|Any CPU.ActiveCfg = Release|Any CPU
		{9B062971-A88E-4A3D-B3C9-12B78D15FA66}.Release|Any CPU.Build.0 = Release|Any CPU
	EndGlobalSection
	GlobalSection(SolutionProperties) = preSolution
		HideSolutionNode = FALSE
	EndGlobalSection
	GlobalSection(ExtensibilityGlobals) = postSolution
		SolutionGuid = {00ED0DC0-1B6B-4010-ACAE-FB86054B6A15}
	EndGlobalSection
EndGlobal
